
Microsoft Visual Studio Solution File, Format Version 12.00
# Visual Studio 15
VisualStudioVersion = 15.0.28010.2036
MinimumVisualStudioVersion = 10.0.40219.1
Project("{9A19103F-16F7-4668-BE54-9A1E7A4F7556}") = "TesteMongo", "TesteMongo\TesteMongo.csproj", "{28F398D0-0329-43D2-B5D8-13E313791FAE}"
EndProject
Project("{FAE04EC0-301F-11D3-BF4B-00C04F79EFBC}") = "NoSql.MongoDB", "NoSql.MongoDB\NoSql.MongoDB.csproj", "{AF6B21DB-F73F-4E33-A0B2-92BA3F5C98F4}"
EndProject
Project("{FAE04EC0-301F-11D3-BF4B-00C04F79EFBC}") = "NoSql.Abstractions", "NoSql.Abstractions\NoSql.Abstractions.csproj", "{A1C05675-1D95-4B59-8E91-D175D4E02A4A}"
EndProject
Global
	GlobalSection(SolutionConfigurationPlatforms) = preSolution
		Debug|Any CPU = Debug|Any CPU
		Release|Any CPU = Release|Any CPU
	EndGlobalSection
	GlobalSection(ProjectConfigurationPlatforms) = postSolution
		{28F398D0-0329-43D2-B5D8-13E313791FAE}.Debug|Any CPU.ActiveCfg = Debug|Any CPU
		{28F398D0-0329-43D2-B5D8-13E313791FAE}.Debug|Any CPU.Build.0 = Debug|Any CPU
		{28F398D0-0329-43D2-B5D8-13E313791FAE}.Release|Any CPU.ActiveCfg = Release|Any CPU
		{28F398D0-0329-43D2-B5D8-13E313791FAE}.Release|Any CPU.Build.0 = Release|Any CPU
		{AF6B21DB-F73F-4E33-A0B2-92BA3F5C98F4}.Debug|Any CPU.ActiveCfg = Debug|Any CPU
		{AF6B21DB-F73F-4E33-A0B2-92BA3F5C98F4}.Debug|Any CPU.Build.0 = Debug|Any CPU
		{AF6B21DB-F73F-4E33-A0B2-92BA3F5C98F4}.Release|Any CPU.ActiveCfg = Release|Any CPU
		{AF6B21DB-F73F-4E33-A0B2-92BA3F5C98F4}.Release|Any CPU.Build.0 = Release|Any CPU
		{A1C05675-1D95-4B59-8E91-D175D4E02A4A}.Debug|Any CPU.ActiveCfg = Debug|Any CPU
		{A1C05675-1D95-4B59-8E91-D175D4E02A4A}.Debug|Any CPU.Build.0 = Debug|Any CPU
		{A1C05675-1D95-4B59-8E91-D175D4E02A4A}.Release|Any CPU.ActiveCfg = Release|Any CPU
		{A1C05675-1D95-4B59-8E91-D175D4E02A4A}.Release|Any CPU.Build.0 = Release|Any CPU
	EndGlobalSection
	GlobalSection(SolutionProperties) = preSolution
		HideSolutionNode = FALSE
	EndGlobalSection
	GlobalSection(ExtensibilityGlobals) = postSolution
		SolutionGuid = {7079095E-BFAD-4AE0-AEB6-F8CA997DF1B0}
	EndGlobalSection
EndGlobal
